{
    "_readme": [
        "This file locks the dependencies of your project to a known state",
        "Read more about it at https://getcomposer.org/doc/01-basic-usage.md#composer-lock-the-lock-file",
        "This file is @generated automatically"
    ],
    "hash": "fa3e74b4257d91962f968a8ef73329c5",
    "content-hash": "5de79f71d1fbb5e0a1124ba25733c5bf",
    "packages": [
        {
            "name": "guzzlehttp/psr7",
            "version": "1.0.0",
            "source": {
                "type": "git",
                "url": "https://github.com/guzzle/psr7.git",
                "reference": "19e510056d8d671d9d9e25dc16937b3dd3802ae6"
            },
            "dist": {
                "type": "zip",
                "url": "https://api.github.com/repos/guzzle/psr7/zipball/19e510056d8d671d9d9e25dc16937b3dd3802ae6",
                "reference": "19e510056d8d671d9d9e25dc16937b3dd3802ae6",
                "shasum": ""
            },
            "require": {
                "php": ">=5.4.0",
                "psr/http-message": "^1.0"
            },
            "provide": {
                "psr/http-message-implementation": "1.0"
            },
            "require-dev": {
                "phpunit/phpunit": "^4.0"
            },
            "type": "library",
            "extra": {
                "branch-alias": {
                    "dev-master": "1.0-dev"
                }
            },
            "autoload": {
                "psr-4": {
                    "GuzzleHttp\\Psr7\\": "src/"
                },
                "files": [
                    "src/functions.php"
                ]
            },
            "notification-url": "https://packagist.org/downloads/",
            "license": [
                "MIT"
            ],
            "authors": [
                {
                    "name": "Michael Dowling",
                    "email": "mtdowling@gmail.com",
                    "homepage": "https://github.com/mtdowling"
                }
            ],
            "description": "PSR-7 message implementation",
            "keywords": [
                "http",
                "message",
                "stream",
                "uri"
            ],
            "time": "2015-05-19 17:58:45"
        },
        {
            "name": "psr/http-message",
            "version": "1.0.1",
            "source": {
                "type": "git",
                "url": "https://github.com/php-fig/http-message.git",
                "reference": "f6561bf28d520154e4b0ec72be95418abe6d9363"
            },
            "dist": {
                "type": "zip",
                "url": "https://api.github.com/repos/php-fig/http-message/zipball/f6561bf28d520154e4b0ec72be95418abe6d9363",
                "reference": "f6561bf28d520154e4b0ec72be95418abe6d9363",
                "shasum": ""
            },
            "require": {
                "php": ">=5.3.0"
            },
            "type": "library",
            "extra": {
                "branch-alias": {
                    "dev-master": "1.0.x-dev"
                }
            },
            "autoload": {
                "psr-4": {
                    "Psr\\Http\\Message\\": "src/"
                }
            },
            "notification-url": "https://packagist.org/downloads/",
            "license": [
                "MIT"
            ],
            "authors": [
                {
                    "name": "PHP-FIG",
                    "homepage": "http://www.php-fig.org/"
                }
            ],
            "description": "Common interface for HTTP messages",
            "homepage": "https://github.com/php-fig/http-message",
            "keywords": [
                "http",
                "http-message",
                "psr",
                "psr-7",
                "request",
                "response"
            ],
            "time": "2016-08-06 14:39:51"
        },
        {
            "name": "rubs33/mafutha",
            "version": "dev-master",
            "source": {
                "type": "git",
                "url": "https://github.com/rubs33/mafutha.git",
                "reference": "a68a8ac5a5a7a1254bbefeed4c6912b298a59d3b"
            },
            "dist": {
                "type": "zip",
                "url": "https://api.github.com/repos/rubs33/mafutha/zipball/a68a8ac5a5a7a1254bbefeed4c6912b298a59d3b",
                "reference": "a68a8ac5a5a7a1254bbefeed4c6912b298a59d3b",
                "shasum": ""
            },
            "require": {
                "ext-ctype": "*",
                "ext-filter": "*",
                "ext-iconv": "*",
                "ext-mbstring": "*",
                "ext-pcre": "*",
                "ext-reflection": "*",
                "ext-spl": "*",
                "guzzlehttp/psr7": "~1.0.0",
                "php": "~7.1.0"
            },
            "require-dev": {
                "phpunit/phpunit": "~4.7.0"
            },
            "suggest": {
                "ext-PDO": "*",
                "ext-curl": "*",
                "ext-http": "*",
                "ext-mcrypt": "*"
            },
            "type": "project",
            "autoload": {
                "psr-4": {
                    "Mafutha\\": "src/Mafutha"
                }
            },
            "authors": [
                {
                    "name": "Rubens Takiguti Ribeiro",
                    "email": "rubs33@gmail.com",
                    "homepage": "http://rubsphp.blogspot.com.br/",
                    "role": "Developer"
                }
            ],
            "keywords": [
                "framework",
                "php",
                "web"
            ],
            "support": {
                "source": "https://github.com/rubs33/mafutha/tree/master",
                "issues": "https://github.com/rubs33/mafutha/issues"
            },
            "time": "2016-10-12 23:19:05"
        }
    ],
    "packages-dev": [],
    "aliases": [],
    "minimum-stability": "stable",
    "stability-flags": {
        "rubs33/mafutha": 20
    },
    "prefer-stable": false,
    "prefer-lowest": false,
    "platform": {
        "php": "7.1.0"
    },
    "platform-dev": []
}
